<?xml version="1.0" encoding="utf-8"?>
<Project ToolsVersion="4.0" xmlns="http://schemas.microsoft.com/developer/msbuild/2003">
  <ItemGroup>
    <Filter Include="ソース ファイル">
      <UniqueIdentifier>{4FC737F1-C7A5-4376-A066-2A32D752A2FF}</UniqueIdentifier>
      <Extensions>cpp;c;cc;cxx;c++;cppm;ixx;def;odl;idl;hpj;bat;asm;asmx</Extensions>
    </Filter>
    <Filter Include="ヘッダー ファイル">
      <UniqueIdentifier>{93995380-89BD-4b04-88EB-625FBE52EBFB}</UniqueIdentifier>
      <Extensions>h;hh;hpp;hxx;h++;hm;inl;inc;ipp;xsd</Extensions>
    </Filter>
    <Filter Include="リソース ファイル">
      <UniqueIdentifier>{67DA6AB6-F800-4c08-8B7A-83BB121AAD01}</UniqueIdentifier>
      <Extensions>rc;ico;cur;bmp;dlg;rc2;rct;bin;rgs;gif;jpg;jpeg;jpe;resx;tiff;tif;png;wav;mfcribbon-ms</Extensions>
    </Filter>
    <Filter Include="ソース ファイル\Scene">
      <UniqueIdentifier>{c2d6f866-bd9b-4028-b0b1-ee719631b552}</UniqueIdentifier>
    </Filter>
    <Filter Include="ソース ファイル\Scene\Menu">
      <UniqueIdentifier>{0509cff5-b674-46c1-8632-f02c3ed08ea4}</UniqueIdentifier>
    </Filter>
    <Filter Include="ソース ファイル\Scene\Play">
      <UniqueIdentifier>{871e77ef-6b34-472b-ab47-04391e1db48a}</UniqueIdentifier>
    </Filter>
    <Filter Include="ソース ファイル\Scene\Title">
      <UniqueIdentifier>{42e3d9e3-a848-4730-802b-503b92ae0fc5}</UniqueIdentifier>
    </Filter>
    <Filter Include="ソース ファイル\Main">
      <UniqueIdentifier>{20a4075a-d2dc-4631-98a2-654e20056c2a}</UniqueIdentifier>
    </Filter>
    <Filter Include="ソース ファイル\Imgui">
      <UniqueIdentifier>{b3317748-a6a2-4065-8118-ccdf551d0468}</UniqueIdentifier>
    </Filter>
    <Filter Include="ソース ファイル\Scene\Result">
      <UniqueIdentifier>{a9ea75ec-2c06-468a-840b-9a71c4fac97e}</UniqueIdentifier>
    </Filter>
    <Filter Include="ソース ファイル\Scene\Manager">
      <UniqueIdentifier>{4a6dd21b-fa1e-4d5f-805f-cb2d6957adce}</UniqueIdentifier>
    </Filter>
    <Filter Include="ソース ファイル\Scene\Base">
      <UniqueIdentifier>{060f5360-c8f0-46ae-a04d-793b2c80e906}</UniqueIdentifier>
    </Filter>
    <Filter Include="ソース ファイル\RaceCar">
      <UniqueIdentifier>{84140f4f-5f52-4bd2-9ad5-ec7efbb5857f}</UniqueIdentifier>
    </Filter>
    <Filter Include="ソース ファイル\RaceCar\Player">
      <UniqueIdentifier>{93cb5e66-2a0b-4b86-9f16-51711602c2a4}</UniqueIdentifier>
    </Filter>
    <Filter Include="ソース ファイル\RaceCar\Enemy">
      <UniqueIdentifier>{2f3e5902-6ad4-492a-8282-8649ae283aa6}</UniqueIdentifier>
    </Filter>
    <Filter Include="ソース ファイル\RaceCar\Base">
      <UniqueIdentifier>{0bc66624-2214-4ba5-86f0-b52d7793e676}</UniqueIdentifier>
    </Filter>
  </ItemGroup>
  <ItemGroup>
    <ClCompile Include="Src\Main.cpp">
      <Filter>ソース ファイル\Main</Filter>
    </ClCompile>
    <ClCompile Include="Src\PlayScene.cpp">
      <Filter>ソース ファイル\Scene\Play</Filter>
    </ClCompile>
    <ClCompile Include="Src\Player.cpp">
      <Filter>ソース ファイル\RaceCar\Player</Filter>
    </ClCompile>
    <ClCompile Include="Imgui\imgui.cpp">
      <Filter>ソース ファイル\Imgui</Filter>
    </ClCompile>
    <ClCompile Include="Imgui\imgui_demo.cpp">
      <Filter>ソース ファイル\Imgui</Filter>
    </ClCompile>
    <ClCompile Include="Imgui\imgui_draw.cpp">
      <Filter>ソース ファイル\Imgui</Filter>
    </ClCompile>
    <ClCompile Include="Imgui\imgui_tables.cpp">
      <Filter>ソース ファイル\Imgui</Filter>
    </ClCompile>
    <ClCompile Include="Imgui\imgui_widgets.cpp">
      <Filter>ソース ファイル\Imgui</Filter>
    </ClCompile>
    <ClCompile Include="Imgui\Backends\imgui_impl_dx11.cpp">
      <Filter>ソース ファイル\Imgui</Filter>
    </ClCompile>
    <ClCompile Include="Imgui\Backends\imgui_impl_win32.cpp">
      <Filter>ソース ファイル\Imgui</Filter>
    </ClCompile>
    <ClCompile Include="Src\Camera.cpp">
      <Filter>ソース ファイル\RaceCar\Player</Filter>
    </ClCompile>
    <ClCompile Include="Src\Stage.cpp">
      <Filter>ソース ファイル\Scene\Play</Filter>
    </ClCompile>
    <ClCompile Include="Src\Scrap.cpp">
      <Filter>ソース ファイル\Scene\Play</Filter>
    </ClCompile>
    <ClCompile Include="Src\ItemManager.cpp">
      <Filter>ソース ファイル\Scene\Play</Filter>
    </ClCompile>
    <ClCompile Include="Src\SceneManager.cpp">
      <Filter>ソース ファイル\Scene\Manager</Filter>
    </ClCompile>
    <ClCompile Include="Src\BaseScene.cpp">
      <Filter>ソース ファイル\Scene\Base</Filter>
    </ClCompile>
    <ClCompile Include="Src\MenuScene.cpp">
      <Filter>ソース ファイル\Scene\Menu</Filter>
    </ClCompile>
    <ClCompile Include="Src\CarBase.cpp">
      <Filter>ソース ファイル\RaceCar\Base</Filter>
    </ClCompile>
    <ClCompile Include="Src\EnemyCPU.cpp">
      <Filter>ソース ファイル\RaceCar\Enemy</Filter>
    </ClCompile>
    <ClCompile Include="Src\Result.cpp">
      <Filter>ソース ファイル\Scene\Result</Filter>
    </ClCompile>
    <ClCompile Include="Src\MiniMap.cpp">
      <Filter>ソース ファイル\Scene\Play</Filter>
    </ClCompile>
    <ClCompile Include="Src\TitleScene.cpp">
      <Filter>ソース ファイル\Scene\Title</Filter>
    </ClCompile>
    <ClCompile Include="Src\EffectManager.cpp">
      <Filter>ソース ファイル</Filter>
    </ClCompile>
  </ItemGroup>
  <ItemGroup>
    <ClInclude Include="Src\PlayScene.h">
      <Filter>ソース ファイル\Scene\Play</Filter>
    </ClInclude>
    <ClInclude Include="Src\Player.h">
      <Filter>ソース ファイル\RaceCar\Player</Filter>
    </ClInclude>
    <ClInclude Include="Imgui\imconfig.h">
      <Filter>ソース ファイル\Imgui</Filter>
    </ClInclude>
    <ClInclude Include="Imgui\imgui.h">
      <Filter>ソース ファイル\Imgui</Filter>
    </ClInclude>
    <ClInclude Include="Imgui\imgui_internal.h">
      <Filter>ソース ファイル\Imgui</Filter>
    </ClInclude>
    <ClInclude Include="Imgui\imstb_rectpack.h">
      <Filter>ソース ファイル\Imgui</Filter>
    </ClInclude>
    <ClInclude Include="Imgui\imstb_textedit.h">
      <Filter>ソース ファイル\Imgui</Filter>
    </ClInclude>
    <ClInclude Include="Imgui\imstb_truetype.h">
      <Filter>ソース ファイル\Imgui</Filter>
    </ClInclude>
    <ClInclude Include="Imgui\Backends\imgui_impl_dx11.h">
      <Filter>ソース ファイル\Imgui</Filter>
    </ClInclude>
    <ClInclude Include="Imgui\Backends\imgui_impl_win32.h">
      <Filter>ソース ファイル\Imgui</Filter>
    </ClInclude>
    <ClInclude Include="Src\Camera.h">
      <Filter>ソース ファイル\RaceCar\Player</Filter>
    </ClInclude>
    <ClInclude Include="Src\Stage.h">
      <Filter>ソース ファイル\Scene\Play</Filter>
    </ClInclude>
    <ClInclude Include="Src\ItemManager.h">
      <Filter>ソース ファイル\Scene\Play</Filter>
    </ClInclude>
    <ClInclude Include="Src\Result.h">
      <Filter>ソース ファイル\Scene\Result</Filter>
    </ClInclude>
    <ClInclude Include="Src\SceneManager.h">
      <Filter>ソース ファイル\Scene\Manager</Filter>
    </ClInclude>
    <ClInclude Include="Src\BaseScene.h">
      <Filter>ソース ファイル\Scene\Base</Filter>
    </ClInclude>
    <ClInclude Include="Src\MenuScene.h">
      <Filter>ソース ファイル\Scene\Menu</Filter>
    </ClInclude>
    <ClInclude Include="Src\CarBase.h">
      <Filter>ソース ファイル\RaceCar\Base</Filter>
    </ClInclude>
    <ClInclude Include="Src\EnemyCPU.h">
      <Filter>ソース ファイル\RaceCar\Enemy</Filter>
    </ClInclude>
    <ClInclude Include="Src\Scrap.h">
      <Filter>ソース ファイル\Scene\Play</Filter>
    </ClInclude>
    <ClInclude Include="Src\MiniMap.h">
      <Filter>ソース ファイル\Scene\Play</Filter>
    </ClInclude>
    <ClInclude Include="Src\TitleScene.h">
      <Filter>ソース ファイル\Scene\Title</Filter>
    </ClInclude>
    <ClInclude Include="Src\EffectManager.h">
      <Filter>ソース ファイル\Scene\Play</Filter>
    </ClInclude>
  </ItemGroup>
</Project>